
Microsoft Visual Studio Solution File, Format Version 12.00
# Visual Studio Version 17
VisualStudioVersion = 17.11.35327.3
MinimumVisualStudioVersion = 10.0.40219.1
Project("{FAE04EC0-301F-11D3-BF4B-00C04F79EFBC}") = "Marketplace", "Marketplace\Marketplace.csproj", "{DB5E9B3F-D8C9-47A4-9CC5-8B83D3DAEC7F}"
EndProject
Project("{FAE04EC0-301F-11D3-BF4B-00C04F79EFBC}") = "MarketplaceClassLibrary", "MarketplaceClassLibrary\MarketplaceClassLibrary.csproj", "{14BA651E-43E0-448A-8B3C-BEE56C70F61F}"
EndProject
Global
	GlobalSection(SolutionConfigurationPlatforms) = preSolution
		Debug|Any CPU = Debug|Any CPU
		Release|Any CPU = Release|Any CPU
	EndGlobalSection
	GlobalSection(ProjectConfigurationPlatforms) = postSolution
		{DB5E9B3F-D8C9-47A4-9CC5-8B83D3DAEC7F}.Debug|Any CPU.ActiveCfg = Debug|Any CPU
		{DB5E9B3F-D8C9-47A4-9CC5-8B83D3DAEC7F}.Debug|Any CPU.Build.0 = Debug|Any CPU
		{DB5E9B3F-D8C9-47A4-9CC5-8B83D3DAEC7F}.Release|Any CPU.ActiveCfg = Release|Any CPU
		{DB5E9B3F-D8C9-47A4-9CC5-8B83D3DAEC7F}.Release|Any CPU.Build.0 = Release|Any CPU
		{14BA651E-43E0-448A-8B3C-BEE56C70F61F}.Debug|Any CPU.ActiveCfg = Debug|Any CPU
		{14BA651E-43E0-448A-8B3C-BEE56C70F61F}.Debug|Any CPU.Build.0 = Debug|Any CPU
		{14BA651E-43E0-448A-8B3C-BEE56C70F61F}.Release|Any CPU.ActiveCfg = Release|Any CPU
		{14BA651E-43E0-448A-8B3C-BEE56C70F61F}.Release|Any CPU.Build.0 = Release|Any CPU
	EndGlobalSection
	GlobalSection(SolutionProperties) = preSolution
		HideSolutionNode = FALSE
	EndGlobalSection
	GlobalSection(ExtensibilityGlobals) = postSolution
		SolutionGuid = {72A7D6F8-321E-4953-AAA7-5A9E7C101CFC}
	EndGlobalSection
EndGlobal
